
Microsoft Visual Studio Solution File, Format Version 10.00
# Visual Studio 2008
Project("{8BC9CEB8-8B4A-11D0-8D11-00A0C91BC942}") = "GWEN-DLL", "GWEN-DLL.vcproj", "{EC77E384-1870-BC43-8DBD-F725610C5A4B}"
EndProject
Project("{8BC9CEB8-8B4A-11D0-8D11-00A0C91BC942}") = "GWEN-Static", "GWEN-Static.vcproj", "{F303B2D7-0774-5F42-BFA1-42A796E2C6CF}"
EndProject
Project("{8BC9CEB8-8B4A-11D0-8D11-00A0C91BC942}") = "UnitTest", "UnitTest.vcproj", "{D0669856-C200-1745-B838-C82697ED145F}"
EndProject
Project("{8BC9CEB8-8B4A-11D0-8D11-00A0C91BC942}") = "Renderer-OpenGL", "Renderer-OpenGL.vcproj", "{3994DFD0-9B8D-F945-A8BF-CE86641191A9}"
EndProject
Project("{8BC9CEB8-8B4A-11D0-8D11-00A0C91BC942}") = "Renderer-OpenGL_DebugFont", "Renderer-OpenGL_DebugFont.vcproj", "{ED73187E-A0B4-7443-8621-A421B5EC6F93}"
EndProject
Project("{8BC9CEB8-8B4A-11D0-8D11-00A0C91BC942}") = "Renderer-SFML", "Renderer-SFML.vcproj", "{7CB14C97-2AA2-034B-903D-6C9DB398C27D}"
EndProject
Project("{8BC9CEB8-8B4A-11D0-8D11-00A0C91BC942}") = "Renderer-SFML2", "Renderer-SFML2.vcproj", "{7660ACAD-0830-654A-83E1-F07EF08981E4}"
EndProject
Project("{8BC9CEB8-8B4A-11D0-8D11-00A0C91BC942}") = "Renderer-Allegro", "Renderer-Allegro.vcproj", "{E1E4DD15-3847-6149-A00E-A86DA218B6DE}"
EndProject
Project("{8BC9CEB8-8B4A-11D0-8D11-00A0C91BC942}") = "Renderer-DirectX9", "Renderer-DirectX9.vcproj", "{0870F99D-CDCA-5748-B4DD-78205EE79F79}"
EndProject
Project("{8BC9CEB8-8B4A-11D0-8D11-00A0C91BC942}") = "Renderer-Direct2D", "Renderer-Direct2D.vcproj", "{EEA7770F-AB82-6345-8895-3EEF5B1563A7}"
EndProject
Project("{8BC9CEB8-8B4A-11D0-8D11-00A0C91BC942}") = "Renderer-GDI", "Renderer-GDI.vcproj", "{01462B5B-1E13-6542-9B94-F1800BB7FE99}"
EndProject
Project("{8BC9CEB8-8B4A-11D0-8D11-00A0C91BC942}") = "Sample-CrossPlatform", "Sample-CrossPlatform.vcproj", "{7237837F-5AFB-E34C-A961-2820346BE6CE}"
	ProjectSection(ProjectDependencies) = postProject
		{D0669856-C200-1745-B838-C82697ED145F} = {D0669856-C200-1745-B838-C82697ED145F}
		{ED73187E-A0B4-7443-8621-A421B5EC6F93} = {ED73187E-A0B4-7443-8621-A421B5EC6F93}
		{F303B2D7-0774-5F42-BFA1-42A796E2C6CF} = {F303B2D7-0774-5F42-BFA1-42A796E2C6CF}
	EndProjectSection
EndProject
Project("{8BC9CEB8-8B4A-11D0-8D11-00A0C91BC942}") = "Sample-SFML", "Sample-SFML.vcproj", "{3696770D-1025-F741-A2F4-D66134459BAF}"
	ProjectSection(ProjectDependencies) = postProject
		{D0669856-C200-1745-B838-C82697ED145F} = {D0669856-C200-1745-B838-C82697ED145F}
		{7CB14C97-2AA2-034B-903D-6C9DB398C27D} = {7CB14C97-2AA2-034B-903D-6C9DB398C27D}
		{F303B2D7-0774-5F42-BFA1-42A796E2C6CF} = {F303B2D7-0774-5F42-BFA1-42A796E2C6CF}
	EndProjectSection
EndProject
Project("{8BC9CEB8-8B4A-11D0-8D11-00A0C91BC942}") = "Sample-SFML2", "Sample-SFML2.vcproj", "{30EAFC05-AE0E-8D42-A586-8C7A14EEE025}"
	ProjectSection(ProjectDependencies) = postProject
		{D0669856-C200-1745-B838-C82697ED145F} = {D0669856-C200-1745-B838-C82697ED145F}
		{7660ACAD-0830-654A-83E1-F07EF08981E4} = {7660ACAD-0830-654A-83E1-F07EF08981E4}
		{F303B2D7-0774-5F42-BFA1-42A796E2C6CF} = {F303B2D7-0774-5F42-BFA1-42A796E2C6CF}
	EndProjectSection
EndProject
Project("{8BC9CEB8-8B4A-11D0-8D11-00A0C91BC942}") = "Sample-Allegro", "Sample-Allegro.vcproj", "{EFDB8EA9-E51A-E444-8E46-77BB5AB7F220}"
	ProjectSection(ProjectDependencies) = postProject
		{D0669856-C200-1745-B838-C82697ED145F} = {D0669856-C200-1745-B838-C82697ED145F}
		{E1E4DD15-3847-6149-A00E-A86DA218B6DE} = {E1E4DD15-3847-6149-A00E-A86DA218B6DE}
		{F303B2D7-0774-5F42-BFA1-42A796E2C6CF} = {F303B2D7-0774-5F42-BFA1-42A796E2C6CF}
	EndProjectSection
EndProject
Project("{8BC9CEB8-8B4A-11D0-8D11-00A0C91BC942}") = "Sample-Direct2D", "Sample-Direct2D.vcproj", "{F826110A-76A8-B749-9A70-2CCEE53E4CDF}"
	ProjectSection(ProjectDependencies) = postProject
		{D0669856-C200-1745-B838-C82697ED145F} = {D0669856-C200-1745-B838-C82697ED145F}
		{EEA7770F-AB82-6345-8895-3EEF5B1563A7} = {EEA7770F-AB82-6345-8895-3EEF5B1563A7}
		{F303B2D7-0774-5F42-BFA1-42A796E2C6CF} = {F303B2D7-0774-5F42-BFA1-42A796E2C6CF}
	EndProjectSection
EndProject
Project("{8BC9CEB8-8B4A-11D0-8D11-00A0C91BC942}") = "Sample-DirectX9", "Sample-DirectX9.vcproj", "{07F72D35-56D4-3C4A-92ED-ACF3F2860599}"
	ProjectSection(ProjectDependencies) = postProject
		{D0669856-C200-1745-B838-C82697ED145F} = {D0669856-C200-1745-B838-C82697ED145F}
		{0870F99D-CDCA-5748-B4DD-78205EE79F79} = {0870F99D-CDCA-5748-B4DD-78205EE79F79}
		{F303B2D7-0774-5F42-BFA1-42A796E2C6CF} = {F303B2D7-0774-5F42-BFA1-42A796E2C6CF}
	EndProjectSection
EndProject
Project("{8BC9CEB8-8B4A-11D0-8D11-00A0C91BC942}") = "Sample-WindowsGDI", "Sample-WindowsGDI.vcproj", "{5F44EDC0-EE09-484C-82C8-D7A0DA4E587B}"
	ProjectSection(ProjectDependencies) = postProject
		{D0669856-C200-1745-B838-C82697ED145F} = {D0669856-C200-1745-B838-C82697ED145F}
		{01462B5B-1E13-6542-9B94-F1800BB7FE99} = {01462B5B-1E13-6542-9B94-F1800BB7FE99}
		{F303B2D7-0774-5F42-BFA1-42A796E2C6CF} = {F303B2D7-0774-5F42-BFA1-42A796E2C6CF}
	EndProjectSection
EndProject
Project("{8BC9CEB8-8B4A-11D0-8D11-00A0C91BC942}") = "Sample-OpenGL", "Sample-OpenGL.vcproj", "{61AA7081-358F-0D4C-962A-129299108240}"
	ProjectSection(ProjectDependencies) = postProject
		{D0669856-C200-1745-B838-C82697ED145F} = {D0669856-C200-1745-B838-C82697ED145F}
		{3994DFD0-9B8D-F945-A8BF-CE86641191A9} = {3994DFD0-9B8D-F945-A8BF-CE86641191A9}
		{F303B2D7-0774-5F42-BFA1-42A796E2C6CF} = {F303B2D7-0774-5F42-BFA1-42A796E2C6CF}
	EndProjectSection
EndProject
Project("{8BC9CEB8-8B4A-11D0-8D11-00A0C91BC942}") = "Sample-OpenGL_DebugFont", "Sample-OpenGL_DebugFont.vcproj", "{5FFEB533-1206-1341-83D8-7951313C6A71}"
	ProjectSection(ProjectDependencies) = postProject
		{D0669856-C200-1745-B838-C82697ED145F} = {D0669856-C200-1745-B838-C82697ED145F}
		{ED73187E-A0B4-7443-8621-A421B5EC6F93} = {ED73187E-A0B4-7443-8621-A421B5EC6F93}
		{F303B2D7-0774-5F42-BFA1-42A796E2C6CF} = {F303B2D7-0774-5F42-BFA1-42A796E2C6CF}
	EndProjectSection
EndProject
Project("{8BC9CEB8-8B4A-11D0-8D11-00A0C91BC942}") = "ControlFactory", "ControlFactory.vcproj", "{C77E9964-3F0F-284E-82A7-4CA288F56D49}"
EndProject
Project("{8BC9CEB8-8B4A-11D0-8D11-00A0C91BC942}") = "ImportExport", "ImportExport.vcproj", "{BB1BE848-B886-484F-9CEF-366E38A26165}"
EndProject
Global
	GlobalSection(SolutionConfigurationPlatforms) = preSolution
		Release|Win32 = Release|Win32
		Debug|Win32 = Debug|Win32
	EndGlobalSection
	GlobalSection(ProjectConfigurationPlatforms) = postSolution
		{EC77E384-1870-BC43-8DBD-F725610C5A4B}.Release|Win32.ActiveCfg = Release|Win32
		{EC77E384-1870-BC43-8DBD-F725610C5A4B}.Release|Win32.Build.0 = Release|Win32
		{EC77E384-1870-BC43-8DBD-F725610C5A4B}.Debug|Win32.ActiveCfg = Debug|Win32
		{EC77E384-1870-BC43-8DBD-F725610C5A4B}.Debug|Win32.Build.0 = Debug|Win32
		{F303B2D7-0774-5F42-BFA1-42A796E2C6CF}.Release|Win32.ActiveCfg = Release|Win32
		{F303B2D7-0774-5F42-BFA1-42A796E2C6CF}.Release|Win32.Build.0 = Release|Win32
		{F303B2D7-0774-5F42-BFA1-42A796E2C6CF}.Debug|Win32.ActiveCfg = Debug|Win32
		{F303B2D7-0774-5F42-BFA1-42A796E2C6CF}.Debug|Win32.Build.0 = Debug|Win32
		{D0669856-C200-1745-B838-C82697ED145F}.Release|Win32.ActiveCfg = Release|Win32
		{D0669856-C200-1745-B838-C82697ED145F}.Release|Win32.Build.0 = Release|Win32
		{D0669856-C200-1745-B838-C82697ED145F}.Debug|Win32.ActiveCfg = Debug|Win32
		{D0669856-C200-1745-B838-C82697ED145F}.Debug|Win32.Build.0 = Debug|Win32
		{3994DFD0-9B8D-F945-A8BF-CE86641191A9}.Release|Win32.ActiveCfg = Release|Win32
		{3994DFD0-9B8D-F945-A8BF-CE86641191A9}.Release|Win32.Build.0 = Release|Win32
		{3994DFD0-9B8D-F945-A8BF-CE86641191A9}.Debug|Win32.ActiveCfg = Debug|Win32
		{3994DFD0-9B8D-F945-A8BF-CE86641191A9}.Debug|Win32.Build.0 = Debug|Win32
		{ED73187E-A0B4-7443-8621-A421B5EC6F93}.Release|Win32.ActiveCfg = Release|Win32
		{ED73187E-A0B4-7443-8621-A421B5EC6F93}.Release|Win32.Build.0 = Release|Win32
		{ED73187E-A0B4-7443-8621-A421B5EC6F93}.Debug|Win32.ActiveCfg = Debug|Win32
		{ED73187E-A0B4-7443-8621-A421B5EC6F93}.Debug|Win32.Build.0 = Debug|Win32
		{7CB14C97-2AA2-034B-903D-6C9DB398C27D}.Release|Win32.ActiveCfg = Release|Win32
		{7CB14C97-2AA2-034B-903D-6C9DB398C27D}.Release|Win32.Build.0 = Release|Win32
		{7CB14C97-2AA2-034B-903D-6C9DB398C27D}.Debug|Win32.ActiveCfg = Debug|Win32
		{7CB14C97-2AA2-034B-903D-6C9DB398C27D}.Debug|Win32.Build.0 = Debug|Win32
		{7660ACAD-0830-654A-83E1-F07EF08981E4}.Release|Win32.ActiveCfg = Release|Win32
		{7660ACAD-0830-654A-83E1-F07EF08981E4}.Release|Win32.Build.0 = Release|Win32
		{7660ACAD-0830-654A-83E1-F07EF08981E4}.Debug|Win32.ActiveCfg = Debug|Win32
		{7660ACAD-0830-654A-83E1-F07EF08981E4}.Debug|Win32.Build.0 = Debug|Win32
		{E1E4DD15-3847-6149-A00E-A86DA218B6DE}.Release|Win32.ActiveCfg = Release|Win32
		{E1E4DD15-3847-6149-A00E-A86DA218B6DE}.Release|Win32.Build.0 = Release|Win32
		{E1E4DD15-3847-6149-A00E-A86DA218B6DE}.Debug|Win32.ActiveCfg = Debug|Win32
		{E1E4DD15-3847-6149-A00E-A86DA218B6DE}.Debug|Win32.Build.0 = Debug|Win32
		{0870F99D-CDCA-5748-B4DD-78205EE79F79}.Release|Win32.ActiveCfg = Release|Win32
		{0870F99D-CDCA-5748-B4DD-78205EE79F79}.Release|Win32.Build.0 = Release|Win32
		{0870F99D-CDCA-5748-B4DD-78205EE79F79}.Debug|Win32.ActiveCfg = Debug|Win32
		{0870F99D-CDCA-5748-B4DD-78205EE79F79}.Debug|Win32.Build.0 = Debug|Win32
		{EEA7770F-AB82-6345-8895-3EEF5B1563A7}.Release|Win32.ActiveCfg = Release|Win32
		{EEA7770F-AB82-6345-8895-3EEF5B1563A7}.Release|Win32.Build.0 = Release|Win32
		{EEA7770F-AB82-6345-8895-3EEF5B1563A7}.Debug|Win32.ActiveCfg = Debug|Win32
		{EEA7770F-AB82-6345-8895-3EEF5B1563A7}.Debug|Win32.Build.0 = Debug|Win32
		{01462B5B-1E13-6542-9B94-F1800BB7FE99}.Release|Win32.ActiveCfg = Release|Win32
		{01462B5B-1E13-6542-9B94-F1800BB7FE99}.Release|Win32.Build.0 = Release|Win32
		{01462B5B-1E13-6542-9B94-F1800BB7FE99}.Debug|Win32.ActiveCfg = Debug|Win32
		{01462B5B-1E13-6542-9B94-F1800BB7FE99}.Debug|Win32.Build.0 = Debug|Win32
		{7237837F-5AFB-E34C-A961-2820346BE6CE}.Release|Win32.ActiveCfg = Release|Win32
		{7237837F-5AFB-E34C-A961-2820346BE6CE}.Release|Win32.Build.0 = Release|Win32
		{7237837F-5AFB-E34C-A961-2820346BE6CE}.Debug|Win32.ActiveCfg = Debug|Win32
		{7237837F-5AFB-E34C-A961-2820346BE6CE}.Debug|Win32.Build.0 = Debug|Win32
		{3696770D-1025-F741-A2F4-D66134459BAF}.Release|Win32.ActiveCfg = Release|Win32
		{3696770D-1025-F741-A2F4-D66134459BAF}.Release|Win32.Build.0 = Release|Win32
		{3696770D-1025-F741-A2F4-D66134459BAF}.Debug|Win32.ActiveCfg = Debug|Win32
		{3696770D-1025-F741-A2F4-D66134459BAF}.Debug|Win32.Build.0 = Debug|Win32
		{30EAFC05-AE0E-8D42-A586-8C7A14EEE025}.Release|Win32.ActiveCfg = Release|Win32
		{30EAFC05-AE0E-8D42-A586-8C7A14EEE025}.Release|Win32.Build.0 = Release|Win32
		{30EAFC05-AE0E-8D42-A586-8C7A14EEE025}.Debug|Win32.ActiveCfg = Debug|Win32
		{30EAFC05-AE0E-8D42-A586-8C7A14EEE025}.Debug|Win32.Build.0 = Debug|Win32
		{EFDB8EA9-E51A-E444-8E46-77BB5AB7F220}.Release|Win32.ActiveCfg = Release|Win32
		{EFDB8EA9-E51A-E444-8E46-77BB5AB7F220}.Release|Win32.Build.0 = Release|Win32
		{EFDB8EA9-E51A-E444-8E46-77BB5AB7F220}.Debug|Win32.ActiveCfg = Debug|Win32
		{EFDB8EA9-E51A-E444-8E46-77BB5AB7F220}.Debug|Win32.Build.0 = Debug|Win32
		{F826110A-76A8-B749-9A70-2CCEE53E4CDF}.Release|Win32.ActiveCfg = Release|Win32
		{F826110A-76A8-B749-9A70-2CCEE53E4CDF}.Release|Win32.Build.0 = Release|Win32
		{F826110A-76A8-B749-9A70-2CCEE53E4CDF}.Debug|Win32.ActiveCfg = Debug|Win32
		{F826110A-76A8-B749-9A70-2CCEE53E4CDF}.Debug|Win32.Build.0 = Debug|Win32
		{07F72D35-56D4-3C4A-92ED-ACF3F2860599}.Release|Win32.ActiveCfg = Release|Win32
		{07F72D35-56D4-3C4A-92ED-ACF3F2860599}.Release|Win32.Build.0 = Release|Win32
		{07F72D35-56D4-3C4A-92ED-ACF3F2860599}.Debug|Win32.ActiveCfg = Debug|Win32
		{07F72D35-56D4-3C4A-92ED-ACF3F2860599}.Debug|Win32.Build.0 = Debug|Win32
		{5F44EDC0-EE09-484C-82C8-D7A0DA4E587B}.Release|Win32.ActiveCfg = Release|Win32
		{5F44EDC0-EE09-484C-82C8-D7A0DA4E587B}.Release|Win32.Build.0 = Release|Win32
		{5F44EDC0-EE09-484C-82C8-D7A0DA4E587B}.Debug|Win32.ActiveCfg = Debug|Win32
		{5F44EDC0-EE09-484C-82C8-D7A0DA4E587B}.Debug|Win32.Build.0 = Debug|Win32
		{61AA7081-358F-0D4C-962A-129299108240}.Release|Win32.ActiveCfg = Release|Win32
		{61AA7081-358F-0D4C-962A-129299108240}.Release|Win32.Build.0 = Release|Win32
		{61AA7081-358F-0D4C-962A-129299108240}.Debug|Win32.ActiveCfg = Debug|Win32
		{61AA7081-358F-0D4C-962A-129299108240}.Debug|Win32.Build.0 = Debug|Win32
		{5FFEB533-1206-1341-83D8-7951313C6A71}.Release|Win32.ActiveCfg = Release|Win32
		{5FFEB533-1206-1341-83D8-7951313C6A71}.Release|Win32.Build.0 = Release|Win32
		{5FFEB533-1206-1341-83D8-7951313C6A71}.Debug|Win32.ActiveCfg = Debug|Win32
		{5FFEB533-1206-1341-83D8-7951313C6A71}.Debug|Win32.Build.0 = Debug|Win32
		{C77E9964-3F0F-284E-82A7-4CA288F56D49}.Release|Win32.ActiveCfg = Release|Win32
		{C77E9964-3F0F-284E-82A7-4CA288F56D49}.Release|Win32.Build.0 = Release|Win32
		{C77E9964-3F0F-284E-82A7-4CA288F56D49}.Debug|Win32.ActiveCfg = Debug|Win32
		{C77E9964-3F0F-284E-82A7-4CA288F56D49}.Debug|Win32.Build.0 = Debug|Win32
		{BB1BE848-B886-484F-9CEF-366E38A26165}.Release|Win32.ActiveCfg = Release|Win32
		{BB1BE848-B886-484F-9CEF-366E38A26165}.Release|Win32.Build.0 = Release|Win32
		{BB1BE848-B886-484F-9CEF-366E38A26165}.Debug|Win32.ActiveCfg = Debug|Win32
		{BB1BE848-B886-484F-9CEF-366E38A26165}.Debug|Win32.Build.0 = Debug|Win32
	EndGlobalSection
	GlobalSection(SolutionProperties) = preSolution
		HideSolutionNode = FALSE
	EndGlobalSection
EndGlobal
