
Microsoft Visual Studio Solution File, Format Version 9.00
# Visual Studio 2005
Project("{8BC9CEB8-8B4A-11D0-8D11-00A0C91BC942}") = "GWEN-DLL", "GWEN-DLL.vcproj", "{B8F6975D-850F-7848-89BF-4AA5BE67A745}"
EndProject
Project("{8BC9CEB8-8B4A-11D0-8D11-00A0C91BC942}") = "GWEN-Static", "GWEN-Static.vcproj", "{C2E07750-6B74-8047-8CA5-3EE2CA130695}"
EndProject
Project("{8BC9CEB8-8B4A-11D0-8D11-00A0C91BC942}") = "UnitTest", "UnitTest.vcproj", "{07FC7B41-5D40-AB44-81C9-93086BD99088}"
EndProject
Project("{8BC9CEB8-8B4A-11D0-8D11-00A0C91BC942}") = "Renderer-OpenGL", "Renderer-OpenGL.vcproj", "{D1CF613A-1361-F04B-9F91-95E2739E291E}"
EndProject
Project("{8BC9CEB8-8B4A-11D0-8D11-00A0C91BC942}") = "Renderer-OpenGL_DebugFont", "Renderer-OpenGL_DebugFont.vcproj", "{6B13FCE5-5A96-A34F-BB8B-2AC62A9AA087}"
EndProject
Project("{8BC9CEB8-8B4A-11D0-8D11-00A0C91BC942}") = "Renderer-SFML", "Renderer-SFML.vcproj", "{19CC00DE-F03C-E94E-B6B5-20AE7C522598}"
EndProject
Project("{8BC9CEB8-8B4A-11D0-8D11-00A0C91BC942}") = "Renderer-SFML2", "Renderer-SFML2.vcproj", "{443E9718-66EC-3741-8B02-D5FAD7967853}"
EndProject
Project("{8BC9CEB8-8B4A-11D0-8D11-00A0C91BC942}") = "Renderer-Allegro", "Renderer-Allegro.vcproj", "{9D0FAB4C-02E5-E44B-9DE9-2B7FA1F5C971}"
EndProject
Project("{8BC9CEB8-8B4A-11D0-8D11-00A0C91BC942}") = "Renderer-DirectX9", "Renderer-DirectX9.vcproj", "{89741FBE-307D-CD4A-8852-59F855263767}"
EndProject
Project("{8BC9CEB8-8B4A-11D0-8D11-00A0C91BC942}") = "Renderer-Direct2D", "Renderer-Direct2D.vcproj", "{C637270C-93E9-7D4B-B087-C202FF5EDDE1}"
EndProject
Project("{8BC9CEB8-8B4A-11D0-8D11-00A0C91BC942}") = "Renderer-GDI", "Renderer-GDI.vcproj", "{59EAEAAB-B518-1343-9DFE-79C6F8E2ED70}"
EndProject
Project("{8BC9CEB8-8B4A-11D0-8D11-00A0C91BC942}") = "Sample-CrossPlatform", "Sample-CrossPlatform.vcproj", "{4711999F-5559-EC41-A7C3-68451FE0AC24}"
	ProjectSection(ProjectDependencies) = postProject
		{07FC7B41-5D40-AB44-81C9-93086BD99088} = {07FC7B41-5D40-AB44-81C9-93086BD99088}
		{6B13FCE5-5A96-A34F-BB8B-2AC62A9AA087} = {6B13FCE5-5A96-A34F-BB8B-2AC62A9AA087}
		{C2E07750-6B74-8047-8CA5-3EE2CA130695} = {C2E07750-6B74-8047-8CA5-3EE2CA130695}
	EndProjectSection
EndProject
Project("{8BC9CEB8-8B4A-11D0-8D11-00A0C91BC942}") = "Sample-SFML", "Sample-SFML.vcproj", "{D1690B1A-A34B-E743-9600-7E7549BC3D0D}"
	ProjectSection(ProjectDependencies) = postProject
		{07FC7B41-5D40-AB44-81C9-93086BD99088} = {07FC7B41-5D40-AB44-81C9-93086BD99088}
		{19CC00DE-F03C-E94E-B6B5-20AE7C522598} = {19CC00DE-F03C-E94E-B6B5-20AE7C522598}
		{C2E07750-6B74-8047-8CA5-3EE2CA130695} = {C2E07750-6B74-8047-8CA5-3EE2CA130695}
	EndProjectSection
EndProject
Project("{8BC9CEB8-8B4A-11D0-8D11-00A0C91BC942}") = "Sample-SFML2", "Sample-SFML2.vcproj", "{9C46EF9F-CEDC-A04C-B169-B044204750F5}"
	ProjectSection(ProjectDependencies) = postProject
		{07FC7B41-5D40-AB44-81C9-93086BD99088} = {07FC7B41-5D40-AB44-81C9-93086BD99088}
		{443E9718-66EC-3741-8B02-D5FAD7967853} = {443E9718-66EC-3741-8B02-D5FAD7967853}
		{C2E07750-6B74-8047-8CA5-3EE2CA130695} = {C2E07750-6B74-8047-8CA5-3EE2CA130695}
	EndProjectSection
EndProject
Project("{8BC9CEB8-8B4A-11D0-8D11-00A0C91BC942}") = "Sample-Allegro", "Sample-Allegro.vcproj", "{53C8A357-820A-3D49-92EF-5967515B50A9}"
	ProjectSection(ProjectDependencies) = postProject
		{07FC7B41-5D40-AB44-81C9-93086BD99088} = {07FC7B41-5D40-AB44-81C9-93086BD99088}
		{9D0FAB4C-02E5-E44B-9DE9-2B7FA1F5C971} = {9D0FAB4C-02E5-E44B-9DE9-2B7FA1F5C971}
		{C2E07750-6B74-8047-8CA5-3EE2CA130695} = {C2E07750-6B74-8047-8CA5-3EE2CA130695}
	EndProjectSection
EndProject
Project("{8BC9CEB8-8B4A-11D0-8D11-00A0C91BC942}") = "Sample-Direct2D", "Sample-Direct2D.vcproj", "{7C0CB45C-4334-CD46-8F55-2A838B8B8C8E}"
	ProjectSection(ProjectDependencies) = postProject
		{07FC7B41-5D40-AB44-81C9-93086BD99088} = {07FC7B41-5D40-AB44-81C9-93086BD99088}
		{C637270C-93E9-7D4B-B087-C202FF5EDDE1} = {C637270C-93E9-7D4B-B087-C202FF5EDDE1}
		{C2E07750-6B74-8047-8CA5-3EE2CA130695} = {C2E07750-6B74-8047-8CA5-3EE2CA130695}
	EndProjectSection
EndProject
Project("{8BC9CEB8-8B4A-11D0-8D11-00A0C91BC942}") = "Sample-DirectX9", "Sample-DirectX9.vcproj", "{D94B4D35-F758-AB46-B583-72A20E3463F5}"
	ProjectSection(ProjectDependencies) = postProject
		{07FC7B41-5D40-AB44-81C9-93086BD99088} = {07FC7B41-5D40-AB44-81C9-93086BD99088}
		{89741FBE-307D-CD4A-8852-59F855263767} = {89741FBE-307D-CD4A-8852-59F855263767}
		{C2E07750-6B74-8047-8CA5-3EE2CA130695} = {C2E07750-6B74-8047-8CA5-3EE2CA130695}
	EndProjectSection
EndProject
Project("{8BC9CEB8-8B4A-11D0-8D11-00A0C91BC942}") = "Sample-WindowsGDI", "Sample-WindowsGDI.vcproj", "{73DC2CCF-A4F6-054F-A283-FE5914A6ADAB}"
	ProjectSection(ProjectDependencies) = postProject
		{07FC7B41-5D40-AB44-81C9-93086BD99088} = {07FC7B41-5D40-AB44-81C9-93086BD99088}
		{59EAEAAB-B518-1343-9DFE-79C6F8E2ED70} = {59EAEAAB-B518-1343-9DFE-79C6F8E2ED70}
		{C2E07750-6B74-8047-8CA5-3EE2CA130695} = {C2E07750-6B74-8047-8CA5-3EE2CA130695}
	EndProjectSection
EndProject
Project("{8BC9CEB8-8B4A-11D0-8D11-00A0C91BC942}") = "Sample-OpenGL", "Sample-OpenGL.vcproj", "{433CD0BD-0E47-A542-8AE7-89E417EEA28C}"
	ProjectSection(ProjectDependencies) = postProject
		{07FC7B41-5D40-AB44-81C9-93086BD99088} = {07FC7B41-5D40-AB44-81C9-93086BD99088}
		{D1CF613A-1361-F04B-9F91-95E2739E291E} = {D1CF613A-1361-F04B-9F91-95E2739E291E}
		{C2E07750-6B74-8047-8CA5-3EE2CA130695} = {C2E07750-6B74-8047-8CA5-3EE2CA130695}
	EndProjectSection
EndProject
Project("{8BC9CEB8-8B4A-11D0-8D11-00A0C91BC942}") = "Sample-OpenGL_DebugFont", "Sample-OpenGL_DebugFont.vcproj", "{BB9005C6-D3DA-3944-B670-FD2B55A7A099}"
	ProjectSection(ProjectDependencies) = postProject
		{07FC7B41-5D40-AB44-81C9-93086BD99088} = {07FC7B41-5D40-AB44-81C9-93086BD99088}
		{6B13FCE5-5A96-A34F-BB8B-2AC62A9AA087} = {6B13FCE5-5A96-A34F-BB8B-2AC62A9AA087}
		{C2E07750-6B74-8047-8CA5-3EE2CA130695} = {C2E07750-6B74-8047-8CA5-3EE2CA130695}
	EndProjectSection
EndProject
Project("{8BC9CEB8-8B4A-11D0-8D11-00A0C91BC942}") = "ControlFactory", "ControlFactory.vcproj", "{BCF78F50-CB14-4B40-A07B-6168D81EAD7B}"
EndProject
Project("{8BC9CEB8-8B4A-11D0-8D11-00A0C91BC942}") = "ImportExport", "ImportExport.vcproj", "{F861792B-3B70-DA42-866C-44617147D3B9}"
EndProject
Global
	GlobalSection(SolutionConfigurationPlatforms) = preSolution
		Release|Win32 = Release|Win32
		Debug|Win32 = Debug|Win32
	EndGlobalSection
	GlobalSection(ProjectConfigurationPlatforms) = postSolution
		{B8F6975D-850F-7848-89BF-4AA5BE67A745}.Release|Win32.ActiveCfg = Release|Win32
		{B8F6975D-850F-7848-89BF-4AA5BE67A745}.Release|Win32.Build.0 = Release|Win32
		{B8F6975D-850F-7848-89BF-4AA5BE67A745}.Debug|Win32.ActiveCfg = Debug|Win32
		{B8F6975D-850F-7848-89BF-4AA5BE67A745}.Debug|Win32.Build.0 = Debug|Win32
		{C2E07750-6B74-8047-8CA5-3EE2CA130695}.Release|Win32.ActiveCfg = Release|Win32
		{C2E07750-6B74-8047-8CA5-3EE2CA130695}.Release|Win32.Build.0 = Release|Win32
		{C2E07750-6B74-8047-8CA5-3EE2CA130695}.Debug|Win32.ActiveCfg = Debug|Win32
		{C2E07750-6B74-8047-8CA5-3EE2CA130695}.Debug|Win32.Build.0 = Debug|Win32
		{07FC7B41-5D40-AB44-81C9-93086BD99088}.Release|Win32.ActiveCfg = Release|Win32
		{07FC7B41-5D40-AB44-81C9-93086BD99088}.Release|Win32.Build.0 = Release|Win32
		{07FC7B41-5D40-AB44-81C9-93086BD99088}.Debug|Win32.ActiveCfg = Debug|Win32
		{07FC7B41-5D40-AB44-81C9-93086BD99088}.Debug|Win32.Build.0 = Debug|Win32
		{D1CF613A-1361-F04B-9F91-95E2739E291E}.Release|Win32.ActiveCfg = Release|Win32
		{D1CF613A-1361-F04B-9F91-95E2739E291E}.Release|Win32.Build.0 = Release|Win32
		{D1CF613A-1361-F04B-9F91-95E2739E291E}.Debug|Win32.ActiveCfg = Debug|Win32
		{D1CF613A-1361-F04B-9F91-95E2739E291E}.Debug|Win32.Build.0 = Debug|Win32
		{6B13FCE5-5A96-A34F-BB8B-2AC62A9AA087}.Release|Win32.ActiveCfg = Release|Win32
		{6B13FCE5-5A96-A34F-BB8B-2AC62A9AA087}.Release|Win32.Build.0 = Release|Win32
		{6B13FCE5-5A96-A34F-BB8B-2AC62A9AA087}.Debug|Win32.ActiveCfg = Debug|Win32
		{6B13FCE5-5A96-A34F-BB8B-2AC62A9AA087}.Debug|Win32.Build.0 = Debug|Win32
		{19CC00DE-F03C-E94E-B6B5-20AE7C522598}.Release|Win32.ActiveCfg = Release|Win32
		{19CC00DE-F03C-E94E-B6B5-20AE7C522598}.Release|Win32.Build.0 = Release|Win32
		{19CC00DE-F03C-E94E-B6B5-20AE7C522598}.Debug|Win32.ActiveCfg = Debug|Win32
		{19CC00DE-F03C-E94E-B6B5-20AE7C522598}.Debug|Win32.Build.0 = Debug|Win32
		{443E9718-66EC-3741-8B02-D5FAD7967853}.Release|Win32.ActiveCfg = Release|Win32
		{443E9718-66EC-3741-8B02-D5FAD7967853}.Release|Win32.Build.0 = Release|Win32
		{443E9718-66EC-3741-8B02-D5FAD7967853}.Debug|Win32.ActiveCfg = Debug|Win32
		{443E9718-66EC-3741-8B02-D5FAD7967853}.Debug|Win32.Build.0 = Debug|Win32
		{9D0FAB4C-02E5-E44B-9DE9-2B7FA1F5C971}.Release|Win32.ActiveCfg = Release|Win32
		{9D0FAB4C-02E5-E44B-9DE9-2B7FA1F5C971}.Release|Win32.Build.0 = Release|Win32
		{9D0FAB4C-02E5-E44B-9DE9-2B7FA1F5C971}.Debug|Win32.ActiveCfg = Debug|Win32
		{9D0FAB4C-02E5-E44B-9DE9-2B7FA1F5C971}.Debug|Win32.Build.0 = Debug|Win32
		{89741FBE-307D-CD4A-8852-59F855263767}.Release|Win32.ActiveCfg = Release|Win32
		{89741FBE-307D-CD4A-8852-59F855263767}.Release|Win32.Build.0 = Release|Win32
		{89741FBE-307D-CD4A-8852-59F855263767}.Debug|Win32.ActiveCfg = Debug|Win32
		{89741FBE-307D-CD4A-8852-59F855263767}.Debug|Win32.Build.0 = Debug|Win32
		{C637270C-93E9-7D4B-B087-C202FF5EDDE1}.Release|Win32.ActiveCfg = Release|Win32
		{C637270C-93E9-7D4B-B087-C202FF5EDDE1}.Release|Win32.Build.0 = Release|Win32
		{C637270C-93E9-7D4B-B087-C202FF5EDDE1}.Debug|Win32.ActiveCfg = Debug|Win32
		{C637270C-93E9-7D4B-B087-C202FF5EDDE1}.Debug|Win32.Build.0 = Debug|Win32
		{59EAEAAB-B518-1343-9DFE-79C6F8E2ED70}.Release|Win32.ActiveCfg = Release|Win32
		{59EAEAAB-B518-1343-9DFE-79C6F8E2ED70}.Release|Win32.Build.0 = Release|Win32
		{59EAEAAB-B518-1343-9DFE-79C6F8E2ED70}.Debug|Win32.ActiveCfg = Debug|Win32
		{59EAEAAB-B518-1343-9DFE-79C6F8E2ED70}.Debug|Win32.Build.0 = Debug|Win32
		{4711999F-5559-EC41-A7C3-68451FE0AC24}.Release|Win32.ActiveCfg = Release|Win32
		{4711999F-5559-EC41-A7C3-68451FE0AC24}.Release|Win32.Build.0 = Release|Win32
		{4711999F-5559-EC41-A7C3-68451FE0AC24}.Debug|Win32.ActiveCfg = Debug|Win32
		{4711999F-5559-EC41-A7C3-68451FE0AC24}.Debug|Win32.Build.0 = Debug|Win32
		{D1690B1A-A34B-E743-9600-7E7549BC3D0D}.Release|Win32.ActiveCfg = Release|Win32
		{D1690B1A-A34B-E743-9600-7E7549BC3D0D}.Release|Win32.Build.0 = Release|Win32
		{D1690B1A-A34B-E743-9600-7E7549BC3D0D}.Debug|Win32.ActiveCfg = Debug|Win32
		{D1690B1A-A34B-E743-9600-7E7549BC3D0D}.Debug|Win32.Build.0 = Debug|Win32
		{9C46EF9F-CEDC-A04C-B169-B044204750F5}.Release|Win32.ActiveCfg = Release|Win32
		{9C46EF9F-CEDC-A04C-B169-B044204750F5}.Release|Win32.Build.0 = Release|Win32
		{9C46EF9F-CEDC-A04C-B169-B044204750F5}.Debug|Win32.ActiveCfg = Debug|Win32
		{9C46EF9F-CEDC-A04C-B169-B044204750F5}.Debug|Win32.Build.0 = Debug|Win32
		{53C8A357-820A-3D49-92EF-5967515B50A9}.Release|Win32.ActiveCfg = Release|Win32
		{53C8A357-820A-3D49-92EF-5967515B50A9}.Release|Win32.Build.0 = Release|Win32
		{53C8A357-820A-3D49-92EF-5967515B50A9}.Debug|Win32.ActiveCfg = Debug|Win32
		{53C8A357-820A-3D49-92EF-5967515B50A9}.Debug|Win32.Build.0 = Debug|Win32
		{7C0CB45C-4334-CD46-8F55-2A838B8B8C8E}.Release|Win32.ActiveCfg = Release|Win32
		{7C0CB45C-4334-CD46-8F55-2A838B8B8C8E}.Release|Win32.Build.0 = Release|Win32
		{7C0CB45C-4334-CD46-8F55-2A838B8B8C8E}.Debug|Win32.ActiveCfg = Debug|Win32
		{7C0CB45C-4334-CD46-8F55-2A838B8B8C8E}.Debug|Win32.Build.0 = Debug|Win32
		{D94B4D35-F758-AB46-B583-72A20E3463F5}.Release|Win32.ActiveCfg = Release|Win32
		{D94B4D35-F758-AB46-B583-72A20E3463F5}.Release|Win32.Build.0 = Release|Win32
		{D94B4D35-F758-AB46-B583-72A20E3463F5}.Debug|Win32.ActiveCfg = Debug|Win32
		{D94B4D35-F758-AB46-B583-72A20E3463F5}.Debug|Win32.Build.0 = Debug|Win32
		{73DC2CCF-A4F6-054F-A283-FE5914A6ADAB}.Release|Win32.ActiveCfg = Release|Win32
		{73DC2CCF-A4F6-054F-A283-FE5914A6ADAB}.Release|Win32.Build.0 = Release|Win32
		{73DC2CCF-A4F6-054F-A283-FE5914A6ADAB}.Debug|Win32.ActiveCfg = Debug|Win32
		{73DC2CCF-A4F6-054F-A283-FE5914A6ADAB}.Debug|Win32.Build.0 = Debug|Win32
		{433CD0BD-0E47-A542-8AE7-89E417EEA28C}.Release|Win32.ActiveCfg = Release|Win32
		{433CD0BD-0E47-A542-8AE7-89E417EEA28C}.Release|Win32.Build.0 = Release|Win32
		{433CD0BD-0E47-A542-8AE7-89E417EEA28C}.Debug|Win32.ActiveCfg = Debug|Win32
		{433CD0BD-0E47-A542-8AE7-89E417EEA28C}.Debug|Win32.Build.0 = Debug|Win32
		{BB9005C6-D3DA-3944-B670-FD2B55A7A099}.Release|Win32.ActiveCfg = Release|Win32
		{BB9005C6-D3DA-3944-B670-FD2B55A7A099}.Release|Win32.Build.0 = Release|Win32
		{BB9005C6-D3DA-3944-B670-FD2B55A7A099}.Debug|Win32.ActiveCfg = Debug|Win32
		{BB9005C6-D3DA-3944-B670-FD2B55A7A099}.Debug|Win32.Build.0 = Debug|Win32
		{BCF78F50-CB14-4B40-A07B-6168D81EAD7B}.Release|Win32.ActiveCfg = Release|Win32
		{BCF78F50-CB14-4B40-A07B-6168D81EAD7B}.Release|Win32.Build.0 = Release|Win32
		{BCF78F50-CB14-4B40-A07B-6168D81EAD7B}.Debug|Win32.ActiveCfg = Debug|Win32
		{BCF78F50-CB14-4B40-A07B-6168D81EAD7B}.Debug|Win32.Build.0 = Debug|Win32
		{F861792B-3B70-DA42-866C-44617147D3B9}.Release|Win32.ActiveCfg = Release|Win32
		{F861792B-3B70-DA42-866C-44617147D3B9}.Release|Win32.Build.0 = Release|Win32
		{F861792B-3B70-DA42-866C-44617147D3B9}.Debug|Win32.ActiveCfg = Debug|Win32
		{F861792B-3B70-DA42-866C-44617147D3B9}.Debug|Win32.Build.0 = Debug|Win32
	EndGlobalSection
	GlobalSection(SolutionProperties) = preSolution
		HideSolutionNode = FALSE
	EndGlobalSection
EndGlobal
