
Microsoft Visual Studio Solution File, Format Version 11.00
# Visual Studio 2010
Project("{8BC9CEB8-8B4A-11D0-8D11-00A0C91BC942}") = "GWEN-DLL", "GWEN-DLL.vcxproj", "{6C4F2B60-32DC-424C-A77C-463B76479C59}"
EndProject
Project("{8BC9CEB8-8B4A-11D0-8D11-00A0C91BC942}") = "GWEN-Static", "GWEN-Static.vcxproj", "{C7709F9C-FA9E-754F-B2AA-AD4971920C3C}"
EndProject
Project("{8BC9CEB8-8B4A-11D0-8D11-00A0C91BC942}") = "UnitTest", "UnitTest.vcxproj", "{E7581767-D71C-3D47-9891-3CF0E93E420D}"
EndProject
Project("{8BC9CEB8-8B4A-11D0-8D11-00A0C91BC942}") = "Renderer-OpenGL", "Renderer-OpenGL.vcxproj", "{5B3427C2-43D8-F849-B638-6BE9CA8324FB}"
EndProject
Project("{8BC9CEB8-8B4A-11D0-8D11-00A0C91BC942}") = "Renderer-OpenGL_DebugFont", "Renderer-OpenGL_DebugFont.vcxproj", "{DB7E81CB-4160-3E4F-AB32-BDACB8CA0FCB}"
EndProject
Project("{8BC9CEB8-8B4A-11D0-8D11-00A0C91BC942}") = "Renderer-SFML", "Renderer-SFML.vcxproj", "{7F268607-6073-6440-84FF-F02F0FABB57F}"
EndProject
Project("{8BC9CEB8-8B4A-11D0-8D11-00A0C91BC942}") = "Renderer-SFML2", "Renderer-SFML2.vcxproj", "{A4F1D971-8D02-F940-B2A9-F7E773A5C763}"
EndProject
Project("{8BC9CEB8-8B4A-11D0-8D11-00A0C91BC942}") = "Renderer-Allegro", "Renderer-Allegro.vcxproj", "{82FEA3D5-9C98-9C4D-BE24-0D7584131442}"
EndProject
Project("{8BC9CEB8-8B4A-11D0-8D11-00A0C91BC942}") = "Renderer-DirectX9", "Renderer-DirectX9.vcxproj", "{50D3889B-4607-7A46-A67D-F3EE3B56376A}"
EndProject
Project("{8BC9CEB8-8B4A-11D0-8D11-00A0C91BC942}") = "Renderer-Direct2D", "Renderer-Direct2D.vcxproj", "{D412E706-4A05-604C-B151-A477F8DD51D0}"
EndProject
Project("{8BC9CEB8-8B4A-11D0-8D11-00A0C91BC942}") = "Renderer-GDI", "Renderer-GDI.vcxproj", "{7FEF7F90-14EE-E043-9FC5-E14B83E86FCE}"
EndProject
Project("{8BC9CEB8-8B4A-11D0-8D11-00A0C91BC942}") = "Sample-CrossPlatform", "Sample-CrossPlatform.vcxproj", "{C59069C1-EFB8-0E43-99FE-41DB5E228572}"
	ProjectSection(ProjectDependencies) = postProject
		{E7581767-D71C-3D47-9891-3CF0E93E420D} = {E7581767-D71C-3D47-9891-3CF0E93E420D}
		{DB7E81CB-4160-3E4F-AB32-BDACB8CA0FCB} = {DB7E81CB-4160-3E4F-AB32-BDACB8CA0FCB}
		{C7709F9C-FA9E-754F-B2AA-AD4971920C3C} = {C7709F9C-FA9E-754F-B2AA-AD4971920C3C}
	EndProjectSection
EndProject
Project("{8BC9CEB8-8B4A-11D0-8D11-00A0C91BC942}") = "Sample-SFML", "Sample-SFML.vcxproj", "{0785B941-9BE1-9C42-A65F-911EB270C329}"
	ProjectSection(ProjectDependencies) = postProject
		{E7581767-D71C-3D47-9891-3CF0E93E420D} = {E7581767-D71C-3D47-9891-3CF0E93E420D}
		{7F268607-6073-6440-84FF-F02F0FABB57F} = {7F268607-6073-6440-84FF-F02F0FABB57F}
		{C7709F9C-FA9E-754F-B2AA-AD4971920C3C} = {C7709F9C-FA9E-754F-B2AA-AD4971920C3C}
	EndProjectSection
EndProject
Project("{8BC9CEB8-8B4A-11D0-8D11-00A0C91BC942}") = "Sample-SFML2", "Sample-SFML2.vcxproj", "{9E9CE070-6B28-5D4D-91C3-8BA29B6F0A6C}"
	ProjectSection(ProjectDependencies) = postProject
		{E7581767-D71C-3D47-9891-3CF0E93E420D} = {E7581767-D71C-3D47-9891-3CF0E93E420D}
		{A4F1D971-8D02-F940-B2A9-F7E773A5C763} = {A4F1D971-8D02-F940-B2A9-F7E773A5C763}
		{C7709F9C-FA9E-754F-B2AA-AD4971920C3C} = {C7709F9C-FA9E-754F-B2AA-AD4971920C3C}
	EndProjectSection
EndProject
Project("{8BC9CEB8-8B4A-11D0-8D11-00A0C91BC942}") = "Sample-Allegro", "Sample-Allegro.vcxproj", "{F2F22470-CC3A-9D45-A359-37307F9E02A0}"
	ProjectSection(ProjectDependencies) = postProject
		{E7581767-D71C-3D47-9891-3CF0E93E420D} = {E7581767-D71C-3D47-9891-3CF0E93E420D}
		{82FEA3D5-9C98-9C4D-BE24-0D7584131442} = {82FEA3D5-9C98-9C4D-BE24-0D7584131442}
		{C7709F9C-FA9E-754F-B2AA-AD4971920C3C} = {C7709F9C-FA9E-754F-B2AA-AD4971920C3C}
	EndProjectSection
EndProject
Project("{8BC9CEB8-8B4A-11D0-8D11-00A0C91BC942}") = "Sample-Direct2D", "Sample-Direct2D.vcxproj", "{A4CC73AD-3987-3F43-8F6F-802081DEBE3C}"
	ProjectSection(ProjectDependencies) = postProject
		{E7581767-D71C-3D47-9891-3CF0E93E420D} = {E7581767-D71C-3D47-9891-3CF0E93E420D}
		{D412E706-4A05-604C-B151-A477F8DD51D0} = {D412E706-4A05-604C-B151-A477F8DD51D0}
		{C7709F9C-FA9E-754F-B2AA-AD4971920C3C} = {C7709F9C-FA9E-754F-B2AA-AD4971920C3C}
	EndProjectSection
EndProject
Project("{8BC9CEB8-8B4A-11D0-8D11-00A0C91BC942}") = "Sample-DirectX9", "Sample-DirectX9.vcxproj", "{736F01A8-0748-644A-9058-506A44DFBC13}"
	ProjectSection(ProjectDependencies) = postProject
		{E7581767-D71C-3D47-9891-3CF0E93E420D} = {E7581767-D71C-3D47-9891-3CF0E93E420D}
		{50D3889B-4607-7A46-A67D-F3EE3B56376A} = {50D3889B-4607-7A46-A67D-F3EE3B56376A}
		{C7709F9C-FA9E-754F-B2AA-AD4971920C3C} = {C7709F9C-FA9E-754F-B2AA-AD4971920C3C}
	EndProjectSection
EndProject
Project("{8BC9CEB8-8B4A-11D0-8D11-00A0C91BC942}") = "Sample-WindowsGDI", "Sample-WindowsGDI.vcxproj", "{356C4D2C-143F-2942-B38F-090126288260}"
	ProjectSection(ProjectDependencies) = postProject
		{E7581767-D71C-3D47-9891-3CF0E93E420D} = {E7581767-D71C-3D47-9891-3CF0E93E420D}
		{7FEF7F90-14EE-E043-9FC5-E14B83E86FCE} = {7FEF7F90-14EE-E043-9FC5-E14B83E86FCE}
		{C7709F9C-FA9E-754F-B2AA-AD4971920C3C} = {C7709F9C-FA9E-754F-B2AA-AD4971920C3C}
	EndProjectSection
EndProject
Project("{8BC9CEB8-8B4A-11D0-8D11-00A0C91BC942}") = "Sample-OpenGL", "Sample-OpenGL.vcxproj", "{DE40BC2F-1FC3-3E49-8A35-B6E2A40F142C}"
	ProjectSection(ProjectDependencies) = postProject
		{E7581767-D71C-3D47-9891-3CF0E93E420D} = {E7581767-D71C-3D47-9891-3CF0E93E420D}
		{5B3427C2-43D8-F849-B638-6BE9CA8324FB} = {5B3427C2-43D8-F849-B638-6BE9CA8324FB}
		{C7709F9C-FA9E-754F-B2AA-AD4971920C3C} = {C7709F9C-FA9E-754F-B2AA-AD4971920C3C}
	EndProjectSection
EndProject
Project("{8BC9CEB8-8B4A-11D0-8D11-00A0C91BC942}") = "Sample-OpenGL_DebugFont", "Sample-OpenGL_DebugFont.vcxproj", "{4E6F3363-0047-674C-851A-6FF1EB43C4F3}"
	ProjectSection(ProjectDependencies) = postProject
		{E7581767-D71C-3D47-9891-3CF0E93E420D} = {E7581767-D71C-3D47-9891-3CF0E93E420D}
		{DB7E81CB-4160-3E4F-AB32-BDACB8CA0FCB} = {DB7E81CB-4160-3E4F-AB32-BDACB8CA0FCB}
		{C7709F9C-FA9E-754F-B2AA-AD4971920C3C} = {C7709F9C-FA9E-754F-B2AA-AD4971920C3C}
	EndProjectSection
EndProject
Project("{8BC9CEB8-8B4A-11D0-8D11-00A0C91BC942}") = "ControlFactory", "ControlFactory.vcxproj", "{54F637AA-A098-2343-AFB2-DF9E77B835C1}"
EndProject
Project("{8BC9CEB8-8B4A-11D0-8D11-00A0C91BC942}") = "ImportExport", "ImportExport.vcxproj", "{BBF90819-27F1-0943-9AD2-3E51C5910A8C}"
EndProject
Global
	GlobalSection(SolutionConfigurationPlatforms) = preSolution
		Release|Win32 = Release|Win32
		Debug|Win32 = Debug|Win32
	EndGlobalSection
	GlobalSection(ProjectConfigurationPlatforms) = postSolution
		{6C4F2B60-32DC-424C-A77C-463B76479C59}.Release|Win32.ActiveCfg = Release|Win32
		{6C4F2B60-32DC-424C-A77C-463B76479C59}.Release|Win32.Build.0 = Release|Win32
		{6C4F2B60-32DC-424C-A77C-463B76479C59}.Debug|Win32.ActiveCfg = Debug|Win32
		{6C4F2B60-32DC-424C-A77C-463B76479C59}.Debug|Win32.Build.0 = Debug|Win32
		{C7709F9C-FA9E-754F-B2AA-AD4971920C3C}.Release|Win32.ActiveCfg = Release|Win32
		{C7709F9C-FA9E-754F-B2AA-AD4971920C3C}.Release|Win32.Build.0 = Release|Win32
		{C7709F9C-FA9E-754F-B2AA-AD4971920C3C}.Debug|Win32.ActiveCfg = Debug|Win32
		{C7709F9C-FA9E-754F-B2AA-AD4971920C3C}.Debug|Win32.Build.0 = Debug|Win32
		{E7581767-D71C-3D47-9891-3CF0E93E420D}.Release|Win32.ActiveCfg = Release|Win32
		{E7581767-D71C-3D47-9891-3CF0E93E420D}.Release|Win32.Build.0 = Release|Win32
		{E7581767-D71C-3D47-9891-3CF0E93E420D}.Debug|Win32.ActiveCfg = Debug|Win32
		{E7581767-D71C-3D47-9891-3CF0E93E420D}.Debug|Win32.Build.0 = Debug|Win32
		{5B3427C2-43D8-F849-B638-6BE9CA8324FB}.Release|Win32.ActiveCfg = Release|Win32
		{5B3427C2-43D8-F849-B638-6BE9CA8324FB}.Release|Win32.Build.0 = Release|Win32
		{5B3427C2-43D8-F849-B638-6BE9CA8324FB}.Debug|Win32.ActiveCfg = Debug|Win32
		{5B3427C2-43D8-F849-B638-6BE9CA8324FB}.Debug|Win32.Build.0 = Debug|Win32
		{DB7E81CB-4160-3E4F-AB32-BDACB8CA0FCB}.Release|Win32.ActiveCfg = Release|Win32
		{DB7E81CB-4160-3E4F-AB32-BDACB8CA0FCB}.Release|Win32.Build.0 = Release|Win32
		{DB7E81CB-4160-3E4F-AB32-BDACB8CA0FCB}.Debug|Win32.ActiveCfg = Debug|Win32
		{DB7E81CB-4160-3E4F-AB32-BDACB8CA0FCB}.Debug|Win32.Build.0 = Debug|Win32
		{7F268607-6073-6440-84FF-F02F0FABB57F}.Release|Win32.ActiveCfg = Release|Win32
		{7F268607-6073-6440-84FF-F02F0FABB57F}.Release|Win32.Build.0 = Release|Win32
		{7F268607-6073-6440-84FF-F02F0FABB57F}.Debug|Win32.ActiveCfg = Debug|Win32
		{7F268607-6073-6440-84FF-F02F0FABB57F}.Debug|Win32.Build.0 = Debug|Win32
		{A4F1D971-8D02-F940-B2A9-F7E773A5C763}.Release|Win32.ActiveCfg = Release|Win32
		{A4F1D971-8D02-F940-B2A9-F7E773A5C763}.Release|Win32.Build.0 = Release|Win32
		{A4F1D971-8D02-F940-B2A9-F7E773A5C763}.Debug|Win32.ActiveCfg = Debug|Win32
		{A4F1D971-8D02-F940-B2A9-F7E773A5C763}.Debug|Win32.Build.0 = Debug|Win32
		{82FEA3D5-9C98-9C4D-BE24-0D7584131442}.Release|Win32.ActiveCfg = Release|Win32
		{82FEA3D5-9C98-9C4D-BE24-0D7584131442}.Release|Win32.Build.0 = Release|Win32
		{82FEA3D5-9C98-9C4D-BE24-0D7584131442}.Debug|Win32.ActiveCfg = Debug|Win32
		{82FEA3D5-9C98-9C4D-BE24-0D7584131442}.Debug|Win32.Build.0 = Debug|Win32
		{50D3889B-4607-7A46-A67D-F3EE3B56376A}.Release|Win32.ActiveCfg = Release|Win32
		{50D3889B-4607-7A46-A67D-F3EE3B56376A}.Release|Win32.Build.0 = Release|Win32
		{50D3889B-4607-7A46-A67D-F3EE3B56376A}.Debug|Win32.ActiveCfg = Debug|Win32
		{50D3889B-4607-7A46-A67D-F3EE3B56376A}.Debug|Win32.Build.0 = Debug|Win32
		{D412E706-4A05-604C-B151-A477F8DD51D0}.Release|Win32.ActiveCfg = Release|Win32
		{D412E706-4A05-604C-B151-A477F8DD51D0}.Release|Win32.Build.0 = Release|Win32
		{D412E706-4A05-604C-B151-A477F8DD51D0}.Debug|Win32.ActiveCfg = Debug|Win32
		{D412E706-4A05-604C-B151-A477F8DD51D0}.Debug|Win32.Build.0 = Debug|Win32
		{7FEF7F90-14EE-E043-9FC5-E14B83E86FCE}.Release|Win32.ActiveCfg = Release|Win32
		{7FEF7F90-14EE-E043-9FC5-E14B83E86FCE}.Release|Win32.Build.0 = Release|Win32
		{7FEF7F90-14EE-E043-9FC5-E14B83E86FCE}.Debug|Win32.ActiveCfg = Debug|Win32
		{7FEF7F90-14EE-E043-9FC5-E14B83E86FCE}.Debug|Win32.Build.0 = Debug|Win32
		{C59069C1-EFB8-0E43-99FE-41DB5E228572}.Release|Win32.ActiveCfg = Release|Win32
		{C59069C1-EFB8-0E43-99FE-41DB5E228572}.Release|Win32.Build.0 = Release|Win32
		{C59069C1-EFB8-0E43-99FE-41DB5E228572}.Debug|Win32.ActiveCfg = Debug|Win32
		{C59069C1-EFB8-0E43-99FE-41DB5E228572}.Debug|Win32.Build.0 = Debug|Win32
		{0785B941-9BE1-9C42-A65F-911EB270C329}.Release|Win32.ActiveCfg = Release|Win32
		{0785B941-9BE1-9C42-A65F-911EB270C329}.Release|Win32.Build.0 = Release|Win32
		{0785B941-9BE1-9C42-A65F-911EB270C329}.Debug|Win32.ActiveCfg = Debug|Win32
		{0785B941-9BE1-9C42-A65F-911EB270C329}.Debug|Win32.Build.0 = Debug|Win32
		{9E9CE070-6B28-5D4D-91C3-8BA29B6F0A6C}.Release|Win32.ActiveCfg = Release|Win32
		{9E9CE070-6B28-5D4D-91C3-8BA29B6F0A6C}.Release|Win32.Build.0 = Release|Win32
		{9E9CE070-6B28-5D4D-91C3-8BA29B6F0A6C}.Debug|Win32.ActiveCfg = Debug|Win32
		{9E9CE070-6B28-5D4D-91C3-8BA29B6F0A6C}.Debug|Win32.Build.0 = Debug|Win32
		{F2F22470-CC3A-9D45-A359-37307F9E02A0}.Release|Win32.ActiveCfg = Release|Win32
		{F2F22470-CC3A-9D45-A359-37307F9E02A0}.Release|Win32.Build.0 = Release|Win32
		{F2F22470-CC3A-9D45-A359-37307F9E02A0}.Debug|Win32.ActiveCfg = Debug|Win32
		{F2F22470-CC3A-9D45-A359-37307F9E02A0}.Debug|Win32.Build.0 = Debug|Win32
		{A4CC73AD-3987-3F43-8F6F-802081DEBE3C}.Release|Win32.ActiveCfg = Release|Win32
		{A4CC73AD-3987-3F43-8F6F-802081DEBE3C}.Release|Win32.Build.0 = Release|Win32
		{A4CC73AD-3987-3F43-8F6F-802081DEBE3C}.Debug|Win32.ActiveCfg = Debug|Win32
		{A4CC73AD-3987-3F43-8F6F-802081DEBE3C}.Debug|Win32.Build.0 = Debug|Win32
		{736F01A8-0748-644A-9058-506A44DFBC13}.Release|Win32.ActiveCfg = Release|Win32
		{736F01A8-0748-644A-9058-506A44DFBC13}.Release|Win32.Build.0 = Release|Win32
		{736F01A8-0748-644A-9058-506A44DFBC13}.Debug|Win32.ActiveCfg = Debug|Win32
		{736F01A8-0748-644A-9058-506A44DFBC13}.Debug|Win32.Build.0 = Debug|Win32
		{356C4D2C-143F-2942-B38F-090126288260}.Release|Win32.ActiveCfg = Release|Win32
		{356C4D2C-143F-2942-B38F-090126288260}.Release|Win32.Build.0 = Release|Win32
		{356C4D2C-143F-2942-B38F-090126288260}.Debug|Win32.ActiveCfg = Debug|Win32
		{356C4D2C-143F-2942-B38F-090126288260}.Debug|Win32.Build.0 = Debug|Win32
		{DE40BC2F-1FC3-3E49-8A35-B6E2A40F142C}.Release|Win32.ActiveCfg = Release|Win32
		{DE40BC2F-1FC3-3E49-8A35-B6E2A40F142C}.Release|Win32.Build.0 = Release|Win32
		{DE40BC2F-1FC3-3E49-8A35-B6E2A40F142C}.Debug|Win32.ActiveCfg = Debug|Win32
		{DE40BC2F-1FC3-3E49-8A35-B6E2A40F142C}.Debug|Win32.Build.0 = Debug|Win32
		{4E6F3363-0047-674C-851A-6FF1EB43C4F3}.Release|Win32.ActiveCfg = Release|Win32
		{4E6F3363-0047-674C-851A-6FF1EB43C4F3}.Release|Win32.Build.0 = Release|Win32
		{4E6F3363-0047-674C-851A-6FF1EB43C4F3}.Debug|Win32.ActiveCfg = Debug|Win32
		{4E6F3363-0047-674C-851A-6FF1EB43C4F3}.Debug|Win32.Build.0 = Debug|Win32
		{54F637AA-A098-2343-AFB2-DF9E77B835C1}.Release|Win32.ActiveCfg = Release|Win32
		{54F637AA-A098-2343-AFB2-DF9E77B835C1}.Release|Win32.Build.0 = Release|Win32
		{54F637AA-A098-2343-AFB2-DF9E77B835C1}.Debug|Win32.ActiveCfg = Debug|Win32
		{54F637AA-A098-2343-AFB2-DF9E77B835C1}.Debug|Win32.Build.0 = Debug|Win32
		{BBF90819-27F1-0943-9AD2-3E51C5910A8C}.Release|Win32.ActiveCfg = Release|Win32
		{BBF90819-27F1-0943-9AD2-3E51C5910A8C}.Release|Win32.Build.0 = Release|Win32
		{BBF90819-27F1-0943-9AD2-3E51C5910A8C}.Debug|Win32.ActiveCfg = Debug|Win32
		{BBF90819-27F1-0943-9AD2-3E51C5910A8C}.Debug|Win32.Build.0 = Debug|Win32
	EndGlobalSection
	GlobalSection(SolutionProperties) = preSolution
		HideSolutionNode = FALSE
	EndGlobalSection
EndGlobal
