<?xml version="1.0" encoding="utf-8"?>
<Project ToolsVersion="4.0" xmlns="http://schemas.microsoft.com/developer/msbuild/2003">
  <ItemGroup>
    <Filter Include="Util">
      <UniqueIdentifier>{A7A1F527-3853-6F45-9BCA-9D3C315CE6AF}</UniqueIdentifier>
    </Filter>
    <Filter Include="Util\ImportExport">
      <UniqueIdentifier>{EB54B7D5-E198-1648-BA70-E7670D5E7852}</UniqueIdentifier>
    </Filter>
  </ItemGroup>
  <ItemGroup>
    <ClInclude Include="..\..\..\Util\ImportExport\DesignerFormat.h">
      <Filter>Util\ImportExport</Filter>
    </ClInclude>
  </ItemGroup>
  <ItemGroup>
    <ClCompile Include="..\..\..\Util\ImportExport\Base.cpp">
      <Filter>Util\ImportExport</Filter>
    </ClCompile>
    <ClCompile Include="..\..\..\Util\ImportExport\DesignerFormat.cpp">
      <Filter>Util\ImportExport</Filter>
    </ClCompile>
  </ItemGroup>
</Project>
