<?xml version="1.0" encoding="utf-8"?>
<Project ToolsVersion="4.0" xmlns="http://schemas.microsoft.com/developer/msbuild/2003">
  <ItemGroup>
    <Filter Include="Renderers">
      <UniqueIdentifier>{3C332D82-B8BE-7D48-B39D-341884875763}</UniqueIdentifier>
    </Filter>
    <Filter Include="Renderers\OpenGL">
      <UniqueIdentifier>{508CD598-2263-C54E-86CB-1CD36B168046}</UniqueIdentifier>
    </Filter>
  </ItemGroup>
  <ItemGroup>
    <ClCompile Include="..\..\..\Renderers\OpenGL\OpenGL.cpp">
      <Filter>Renderers\OpenGL</Filter>
    </ClCompile>
  </ItemGroup>
</Project>
