<?xml version="1.0" encoding="utf-8"?>
<Project ToolsVersion="4.0" xmlns="http://schemas.microsoft.com/developer/msbuild/2003">
  <ItemGroup>
    <Filter Include="Samples">
      <UniqueIdentifier>{1F6D4AEB-2483-AF42-840C-F3D8B0C3AF33}</UniqueIdentifier>
    </Filter>
    <Filter Include="Samples\WindowsGDI">
      <UniqueIdentifier>{750C34E5-6B72-0449-A2DA-9E1382A2B396}</UniqueIdentifier>
    </Filter>
  </ItemGroup>
  <ItemGroup>
    <ClCompile Include="..\..\..\Samples\WindowsGDI\WindowsGDI.cpp">
      <Filter>Samples\WindowsGDI</Filter>
    </ClCompile>
  </ItemGroup>
</Project>
