<?xml version="1.0" encoding="utf-8"?>
<Project ToolsVersion="4.0" xmlns="http://schemas.microsoft.com/developer/msbuild/2003">
  <ItemGroup>
    <Filter Include="Samples">
      <UniqueIdentifier>{53C6F6B5-B2DA-2441-AA42-903D2C90862B}</UniqueIdentifier>
    </Filter>
    <Filter Include="Samples\SFML2">
      <UniqueIdentifier>{AED4F403-DED7-A743-9954-1B18880724F5}</UniqueIdentifier>
    </Filter>
  </ItemGroup>
  <ItemGroup>
    <ClCompile Include="..\..\..\Samples\SFML2\SFML2.cpp">
      <Filter>Samples\SFML2</Filter>
    </ClCompile>
  </ItemGroup>
</Project>
